
Microsoft Visual Studio Solution File, Format Version 12.00
Project("{FAE04EC0-301F-11D3-BF4B-00C04F79EFBC}") = "WeatherBot", "WeatherBot\WeatherBot.csproj", "{739F27B0-46FA-488C-8CEB-E1E4F3697DF6}"
EndProject
Global
	GlobalSection(SolutionConfigurationPlatforms) = preSolution
		Debug|Any CPU = Debug|Any CPU
		Release|Any CPU = Release|Any CPU
	EndGlobalSection
	GlobalSection(ProjectConfigurationPlatforms) = postSolution
		{739F27B0-46FA-488C-8CEB-E1E4F3697DF6}.Debug|Any CPU.ActiveCfg = Debug|Any CPU
		{739F27B0-46FA-488C-8CEB-E1E4F3697DF6}.Debug|Any CPU.Build.0 = Debug|Any CPU
		{739F27B0-46FA-488C-8CEB-E1E4F3697DF6}.Release|Any CPU.ActiveCfg = Release|Any CPU
		{739F27B0-46FA-488C-8CEB-E1E4F3697DF6}.Release|Any CPU.Build.0 = Release|Any CPU
	EndGlobalSection
EndGlobal
